// !$*UTF8*$!
{
	archiveVersion = 1;
	classes = {
	};
	objectVersion = 77;
	objects = {

/* Begin PBXBuildFile section */
		00008A3B10664A3E4DFC02B5 /* StackDepthTrainerView.swift in Sources */ = {isa = PBXBuildFile; fileRef = 3A3A35A5D3E457A7794429C0 /* StackDepthTrainerView.swift */; };
		07BF8FB6090950D77ADABFF2 /* TablePosition.swift in Sources */ = {isa = PBXBuildFile; fileRef = D7167B40B556632325482526 /* TablePosition.swift */; };
		09F84E8CE8D590FB3024AA78 /* AppSpacing.swift in Sources */ = {isa = PBXBuildFile; fileRef = 331FA3845CEF5895E43AAFFC /* AppSpacing.swift */; };
		0C3E353045D11E5CD920A611 /* RangesView.swift in Sources */ = {isa = PBXBuildFile; fileRef = DF6B6DED4A7DF2157EC9D59B /* RangesView.swift */; };
		0F491299A5B62DFBF21D91EB /* TablePositionTests.swift in Sources */ = {isa = PBXBuildFile; fileRef = 326F7A3E66F0BBE4511C42A5 /* TablePositionTests.swift */; };
		12CE1FDE13D57EAD9DFBEA51 /* TrainingAnswer.swift in Sources */ = {isa = PBXBuildFile; fileRef = D8D48DBAE514AF5081AD6AA3 /* TrainingAnswer.swift */; };
		13578266B888F69581E4EC6B /* SpotGenerator.swift in Sources */ = {isa = PBXBuildFile; fileRef = 78127998F7E613C9E5BB63AF /* SpotGenerator.swift */; };
		1B5D7534CC6FF99E3B20EADE /* ReviewView.swift in Sources */ = {isa = PBXBuildFile; fileRef = 7AF2C51F96A4E8787CABAE52 /* ReviewView.swift */; };
		1C74DE554D5AC8CE2F9C5B8A /* MTT_8max_10bb_UTG_pushfold.json in Resources */ = {isa = PBXBuildFile; fileRef = 5FC1CA863E4AF0B5CF769E70 /* MTT_8max_10bb_UTG_pushfold.json */; };
		215EAC3EECBDD8E6DAA39BE8 /* MTT_8max_100bb_BTN_vs3bet.json in Resources */ = {isa = PBXBuildFile; fileRef = 742571569F4588DEE9FD0B3E /* MTT_8max_100bb_BTN_vs3bet.json */; };
		223460FF74471C3DD0A72ED4 /* PreflopTrainerView.swift in Sources */ = {isa = PBXBuildFile; fileRef = 765BF21659E8246473F67A2C /* PreflopTrainerView.swift */; };
		22B3CFE87C5D80A4B6917041 /* MTT_8max_30bb_SB_RFI.json in Resources */ = {isa = PBXBuildFile; fileRef = 6FE04A98FC5EFE7A983BC5FB /* MTT_8max_30bb_SB_RFI.json */; };
		24C7B8AE6DF8C05463622338 /* MTT_8max_100bb_SB_RFI.json in Resources */ = {isa = PBXBuildFile; fileRef = 7C2382E2DC71CB852022D0CD /* MTT_8max_100bb_SB_RFI.json */; };
		257AB62B07566796AE925A7A /* MTT_8max_15bb_UTG_pushfold.json in Resources */ = {isa = PBXBuildFile; fileRef = 6E781AEBD16A6AABAB329E45 /* MTT_8max_15bb_UTG_pushfold.json */; };
		27B8CE420A7738E811545E32 /* RangeGridView.swift in Sources */ = {isa = PBXBuildFile; fileRef = C2D12233F777AECC298BCCE2 /* RangeGridView.swift */; };
		286683B44BCBCD8AC976E5B6 /* MTT_8max_30bb_UTG_RFI.json in Resources */ = {isa = PBXBuildFile; fileRef = 8CD5042E08186F02B03F6C1F /* MTT_8max_30bb_UTG_RFI.json */; };
		295A0B462C7985B00002FA67 /* RangeCellView.swift in Sources */ = {isa = PBXBuildFile; fileRef = 8F733E0FA6F92B2B0FEBDA48 /* RangeCellView.swift */; };
		2AC189F7B7961053F0ECD91C /* MainTabView.swift in Sources */ = {isa = PBXBuildFile; fileRef = A9C23635984584C71095F247 /* MainTabView.swift */; };
		2AD02EBF67A926A17D022E7F /* MTT_8max_15bb_SB_pushfold.json in Resources */ = {isa = PBXBuildFile; fileRef = 1C93FD7C2C4251D942D8F188 /* MTT_8max_15bb_SB_pushfold.json */; };
		2F0CFE9B6E14CA8D3BE95E21 /* AnteType.swift in Sources */ = {isa = PBXBuildFile; fileRef = 7A191471A5F7276438F274C3 /* AnteType.swift */; };
		2F3072BF1372E19820170784 /* MTT_8max_30bb_BB_vsopencall.json in Resources */ = {isa = PBXBuildFile; fileRef = 81AF920C5EC301F1A9CEE838 /* MTT_8max_30bb_BB_vsopencall.json */; };
		3357C0FFBC0F37684FDB8DD2 /* Assets.xcassets in Resources */ = {isa = PBXBuildFile; fileRef = 8109EE80FB42EC0FC454DD19 /* Assets.xcassets */; };
		3A03BB15FF4258BB56E4455F /* MTT_8max_100bb_UTG_RFI.json in Resources */ = {isa = PBXBuildFile; fileRef = 87477DA3828A984AE7F0D6B2 /* MTT_8max_100bb_UTG_RFI.json */; };
		3C0C97715DB96C97469CD6E6 /* QuizResult.swift in Sources */ = {isa = PBXBuildFile; fileRef = A622F3BFCC95CBD7247B612C /* QuizResult.swift */; };
		3C2C707FF83B9AC236EAFD99 /* MTT_8max_30bb_BTN_RFI.json in Resources */ = {isa = PBXBuildFile; fileRef = 3AEF0F487D10FAF6B17EC134 /* MTT_8max_30bb_BTN_RFI.json */; };
		3F022FA38B7A2A9947D88BA3 /* AppBackground.swift in Sources */ = {isa = PBXBuildFile; fileRef = B407A4AFDF980B2D9D1C45B8 /* AppBackground.swift */; };
		3F46E31C369949256B39779F /* MTT_8max_100bb_BB_vsopencall.json in Resources */ = {isa = PBXBuildFile; fileRef = 1EF86606051A98ED583EC751 /* MTT_8max_100bb_BB_vsopencall.json */; };
		42649C93C7DFEC7D292BCED3 /* FilterChip.swift in Sources */ = {isa = PBXBuildFile; fileRef = A8F848BC5784A990F4CACBF1 /* FilterChip.swift */; };
		53AA1DF77F610766D879476A /* RangeAction.swift in Sources */ = {isa = PBXBuildFile; fileRef = 7B55B3004AFD3D3FE4809F18 /* RangeAction.swift */; };
		542223BE588852F98747CFA3 /* HandFrequencies.swift in Sources */ = {isa = PBXBuildFile; fileRef = F0DA8C5A39707E9E5E43D924 /* HandFrequencies.swift */; };
		54A32A0925B19DBC662CD11E /* AppTypography.swift in Sources */ = {isa = PBXBuildFile; fileRef = 924494454305718921E08FF0 /* AppTypography.swift */; };
		56F7F815D948363229ACBB9D /* RangeChart.swift in Sources */ = {isa = PBXBuildFile; fileRef = 654ECDE45D01E1EE3375AE2E /* RangeChart.swift */; };
		58AF38827A56388A3C3B2644 /* StatCard.swift in Sources */ = {isa = PBXBuildFile; fileRef = 045268DA84B23946E7B57DB0 /* StatCard.swift */; };
		58D908AFEE6C3C2DAD0D5D76 /* AppMotion.swift in Sources */ = {isa = PBXBuildFile; fileRef = 8976AD81FB2012A99BAE7D45 /* AppMotion.swift */; };
		5C778024D0A6820D5AB63E47 /* SecondaryButton.swift in Sources */ = {isa = PBXBuildFile; fileRef = C5A33EBC7396A04A0268D616 /* SecondaryButton.swift */; };
		5E289B4B5C8C8152082EE552 /* BBCalculator.swift in Sources */ = {isa = PBXBuildFile; fileRef = 189737EACD0203872082E903 /* BBCalculator.swift */; };
		5E3FCED709557680A7B71C1E /* TournamentSetupView.swift in Sources */ = {isa = PBXBuildFile; fileRef = 5B6209ADB2324A9B00222532 /* TournamentSetupView.swift */; };
		5FA5AC102BEA4A031D8E31D8 /* LeakCard.swift in Sources */ = {isa = PBXBuildFile; fileRef = BE0387458DF268357615F160 /* LeakCard.swift */; };
		6031DB9C9C64EEFE3EEEB1B1 /* TrainDashboardView.swift in Sources */ = {isa = PBXBuildFile; fileRef = 82D44942E32DBB2A11D90D62 /* TrainDashboardView.swift */; };
		6124DE31DBCC86BBC99C2031 /* TournamentConfigTests.swift in Sources */ = {isa = PBXBuildFile; fileRef = 24FBC41D98061AEE81593A70 /* TournamentConfigTests.swift */; };
		6247F4BA548D736A34FDC2D2 /* RangeLoaderTests.swift in Sources */ = {isa = PBXBuildFile; fileRef = C254FE94AE80EA58E99F9AA9 /* RangeLoaderTests.swift */; };
		64E24C0AD579BD1C16E4681E /* HandComboTests.swift in Sources */ = {isa = PBXBuildFile; fileRef = B65289A0A80870E51A3D9D69 /* HandComboTests.swift */; };
		65272797427605126EBA31FE /* AppGlass.swift in Sources */ = {isa = PBXBuildFile; fileRef = 60BED4EAFD8A68A8597F2A39 /* AppGlass.swift */; };
		669388CDB4481FC1B841BB5E /* TableMinimapTests.swift in Sources */ = {isa = PBXBuildFile; fileRef = 5A025782609E662DE731D916 /* TableMinimapTests.swift */; };
		69905550A662FE324F780725 /* LeakAnalyzer.swift in Sources */ = {isa = PBXBuildFile; fileRef = 4DD3DB528133C89CF34DB67B /* LeakAnalyzer.swift */; };
		6A06EFBE3D98BC9AC4174E13 /* ActionButton.swift in Sources */ = {isa = PBXBuildFile; fileRef = 6FC186DB7AEC0ACE26A316B1 /* ActionButton.swift */; };
		6BF1EC7B130078E081E80E2D /* TrainingSession.swift in Sources */ = {isa = PBXBuildFile; fileRef = 3367660A48AAA3890E9A4F5F /* TrainingSession.swift */; };
		6EC1131D84CD9B0E5D83B45F /* postflop_spots.json in Resources */ = {isa = PBXBuildFile; fileRef = B40866C23C99401CA93B22F3 /* postflop_spots.json */; };
		75BE10FD1E1C0895FE409770 /* HandCardView.swift in Sources */ = {isa = PBXBuildFile; fileRef = 8DD85B056F075734D708790B /* HandCardView.swift */; };
		766804F31962A22E6FDDF69A /* MTT_8max_10bb_BB_pushfold.json in Resources */ = {isa = PBXBuildFile; fileRef = 223F05F18464D47D3DE28F81 /* MTT_8max_10bb_BB_pushfold.json */; };
		76EBC17C5B3E8A08C81A4A1F /* MTTPokerTrainerApp.swift in Sources */ = {isa = PBXBuildFile; fileRef = 4BD240C9BE153EF2ADD9EECC /* MTTPokerTrainerApp.swift */; };
		79EC1FB3E1AFE4752D763ACC /* FeedbackSheet.swift in Sources */ = {isa = PBXBuildFile; fileRef = 18D56DDA2F96BFC15648F761 /* FeedbackSheet.swift */; };
		7C711905BF07F0A46E2F234A /* AppTheme.swift in Sources */ = {isa = PBXBuildFile; fileRef = 3FCC6776F9425DDFDDECE1C2 /* AppTheme.swift */; };
		7DA5D3C18E10A0AC0226563A /* HandCombo.swift in Sources */ = {isa = PBXBuildFile; fileRef = 2737A7357E2C5ED17040794A /* HandCombo.swift */; };
		8192FBD6E693614EC615D92D /* TrainingMode.swift in Sources */ = {isa = PBXBuildFile; fileRef = 973FB0A4CB853B4920CC1708 /* TrainingMode.swift */; };
		82144A2451AF072EE0AB2436 /* MTT_8max_10bb_SB_pushfold.json in Resources */ = {isa = PBXBuildFile; fileRef = C6D867E4AED9786D5B7CF0EE /* MTT_8max_10bb_SB_pushfold.json */; };
		85EE680D8A64FF706CCEA88D /* PlayerLevel.swift in Sources */ = {isa = PBXBuildFile; fileRef = 9CFD370436D10247CA3FAEEB /* PlayerLevel.swift */; };
		8D0FE8329FB08D953B584772 /* MTT_8max_100bb_BTN_RFI.json in Resources */ = {isa = PBXBuildFile; fileRef = 3F385B7E7843923E2FA0994E /* MTT_8max_100bb_BTN_RFI.json */; };
		8F60644AF662EC540CEEC3C6 /* PostflopScorerTests.swift in Sources */ = {isa = PBXBuildFile; fileRef = 73F42DF8DA03ED43BADBE493 /* PostflopScorerTests.swift */; };
		90D5B04AED7A0FF626CE36B3 /* Scorer.swift in Sources */ = {isa = PBXBuildFile; fileRef = 9DFCDCE25BE97DF322B1FBD2 /* Scorer.swift */; };
		934BE3A67ACBBE7719FCDB59 /* GlassCard.swift in Sources */ = {isa = PBXBuildFile; fileRef = 3FFBF9108B10FF3115B9C4CA /* GlassCard.swift */; };
		98E149CCB02B849F2EAF5CA3 /* ConfigStore.swift in Sources */ = {isa = PBXBuildFile; fileRef = AE6C1783CCC864A4C6D75E95 /* ConfigStore.swift */; };
		9A773B7E986ABEBDC8679346 /* PushFoldTrainerView.swift in Sources */ = {isa = PBXBuildFile; fileRef = A02F2D30BB4D5FC3558C8042 /* PushFoldTrainerView.swift */; };
		9C3EEE76CD3007D76AC00B94 /* RangeLoader.swift in Sources */ = {isa = PBXBuildFile; fileRef = 03BD5DA30141C7426C80535B /* RangeLoader.swift */; };
		9E9D71B58870E4284B530E30 /* PreflopTrainerViewModel.swift in Sources */ = {isa = PBXBuildFile; fileRef = E5F72F67B1BF0025165AF725 /* PreflopTrainerViewModel.swift */; };
		A2794116C88949DA8B3A6746 /* MTT_8max_15bb_BB_vsopencall.json in Resources */ = {isa = PBXBuildFile; fileRef = BC224D7FE7A312C0D35EE6CC /* MTT_8max_15bb_BB_vsopencall.json */; };
		A41702B3D8726B65D5D41561 /* Card.swift in Sources */ = {isa = PBXBuildFile; fileRef = 708147CF6A25069389D1093F /* Card.swift */; };
		A6BFAFCE07D298F7DEBAED69 /* PushFoldTrainerViewModel.swift in Sources */ = {isa = PBXBuildFile; fileRef = 58C0BED9B9030C941D08E104 /* PushFoldTrainerViewModel.swift */; };
		AD807920BFA2FF3B5CCA37BC /* SettingsView.swift in Sources */ = {isa = PBXBuildFile; fileRef = 4183D90792606B64C7536631 /* SettingsView.swift */; };
		B12199D0A077B91362A73783 /* BlindLevel.swift in Sources */ = {isa = PBXBuildFile; fileRef = 4C1C0897B9457435A667FD2E /* BlindLevel.swift */; };
		BE5A00B31FDC80694F3E7AE2 /* TournamentSummaryCard.swift in Sources */ = {isa = PBXBuildFile; fileRef = 68997D87631678EB76979174 /* TournamentSummaryCard.swift */; };
		C095F2725F4FD059CDE1D940 /* PrimaryButton.swift in Sources */ = {isa = PBXBuildFile; fileRef = 3EE04F95A47AE7A227B95AC4 /* PrimaryButton.swift */; };
		C2B5791E98CB2F27ABCE7EB7 /* PostflopDrillView.swift in Sources */ = {isa = PBXBuildFile; fileRef = FA1C54A0A34040C978DE3FFA /* PostflopDrillView.swift */; };
		C399811CBA002031906A7B52 /* ModelContainer+App.swift in Sources */ = {isa = PBXBuildFile; fileRef = 4D1AEB42476D24ABF055559D /* ModelContainer+App.swift */; };
		CB3B965482EC683DAB646B58 /* RangesViewModel.swift in Sources */ = {isa = PBXBuildFile; fileRef = 8190D9E499EE578B642BC2FB /* RangesViewModel.swift */; };
		CDA635B5AF2A1AF9AE78BAD8 /* PostflopDrillViewModel.swift in Sources */ = {isa = PBXBuildFile; fileRef = 94932ECAC3B244591215085F /* PostflopDrillViewModel.swift */; };
		D489E08805C1C150F9236D6D /* MTT_8max_15bb_BTN_pushfold.json in Resources */ = {isa = PBXBuildFile; fileRef = 7FA9C1DD08F2496BC8C14254 /* MTT_8max_15bb_BTN_pushfold.json */; };
		D666C1383166A8C4BA455112 /* PostflopLoader.swift in Sources */ = {isa = PBXBuildFile; fileRef = 70E979C604768C1D471ABC3B /* PostflopLoader.swift */; };
		D673FD801F55559373A2BC9F /* BoardView.swift in Sources */ = {isa = PBXBuildFile; fileRef = 4A61A5E2E6D33708DAD644EE /* BoardView.swift */; };
		D6B1A38FDCCAAD9355A82EE5 /* TableMinimapView.swift in Sources */ = {isa = PBXBuildFile; fileRef = D90E46309CBCA1DDD045CDAF /* TableMinimapView.swift */; };
		D83A3C774DE6F401F33F64B1 /* AppRadius.swift in Sources */ = {isa = PBXBuildFile; fileRef = 43D9C3D791E7A319DA7A28FB /* AppRadius.swift */; };
		DB79BD090AA94B1D1B1A96F8 /* TournamentConfig.swift in Sources */ = {isa = PBXBuildFile; fileRef = 995A90A925DCC415577D207F /* TournamentConfig.swift */; };
		DF63511709B02586F20FE10F /* TrainingModeCard.swift in Sources */ = {isa = PBXBuildFile; fileRef = 34F0145E1810330A5AA2EEA6 /* TrainingModeCard.swift */; };
		E13B40292238100C4E948815 /* ScorerTests.swift in Sources */ = {isa = PBXBuildFile; fileRef = ED9415EF31FEC1558D5AFFD2 /* ScorerTests.swift */; };
		E3D46E0856D9F6F475A76745 /* OnboardingView.swift in Sources */ = {isa = PBXBuildFile; fileRef = 469789C0D2C5BD85C25ED424 /* OnboardingView.swift */; };
		E4988B5F71953435CBB28E98 /* PostflopAction.swift in Sources */ = {isa = PBXBuildFile; fileRef = 1126421087A51E76CB89352C /* PostflopAction.swift */; };
		E571CF55C37FAB34B0200B7B /* RangeCoverageTests.swift in Sources */ = {isa = PBXBuildFile; fileRef = FA10CE67053842DBF70633FA /* RangeCoverageTests.swift */; };
		EA2819F321A51F3F835F2D66 /* PostflopScorer.swift in Sources */ = {isa = PBXBuildFile; fileRef = 6766084EE94070F1EFB0F77C /* PostflopScorer.swift */; };
		EB0BCCAEC5605F3884BAD04D /* StackDepthBucket.swift in Sources */ = {isa = PBXBuildFile; fileRef = 21ED46CB809289FE69461467 /* StackDepthBucket.swift */; };
		EE2BD56FB0926581E037E01B /* PostflopSpot.swift in Sources */ = {isa = PBXBuildFile; fileRef = F18B5336FE6D395F1D221C8C /* PostflopSpot.swift */; };
		EEAFCB322E0A9D17193E6985 /* RangeCell.swift in Sources */ = {isa = PBXBuildFile; fileRef = F5656DAC810437D88F6575FB /* RangeCell.swift */; };
		F2B652DF7ABC9C9676823C0F /* TrainingSpot.swift in Sources */ = {isa = PBXBuildFile; fileRef = 160B1B6CBAAF4A432C3EF930 /* TrainingSpot.swift */; };
		F4EB9CD6A556085E120A384E /* BoardTexture.swift in Sources */ = {isa = PBXBuildFile; fileRef = 02BF8D9018D378CF8EE9945F /* BoardTexture.swift */; };
		F4FFBA446C5B66C8776A3E69 /* CardView.swift in Sources */ = {isa = PBXBuildFile; fileRef = 55CDD5425C5411800A95F9B5 /* CardView.swift */; };
		FAC57C4D48561B320A6468F9 /* BBCalculatorTests.swift in Sources */ = {isa = PBXBuildFile; fileRef = EA8D16ACBE748E27CBF6D0A5 /* BBCalculatorTests.swift */; };
		FC0EBA5DB62A7C0F7AF2EC46 /* PostflopLoaderTests.swift in Sources */ = {isa = PBXBuildFile; fileRef = 769DD950792381A7A7DE0D85 /* PostflopLoaderTests.swift */; };
		FEE5FE6BFFBCA0B162C168D3 /* AppColors.swift in Sources */ = {isa = PBXBuildFile; fileRef = F51EACE871C101493EAEFA79 /* AppColors.swift */; };
/* End PBXBuildFile section */

/* Begin PBXContainerItemProxy section */
		FD0123B5B046B94E53E74C6F /* PBXContainerItemProxy */ = {
			isa = PBXContainerItemProxy;
			containerPortal = 93696495A846DFE804F6158D /* Project object */;
			proxyType = 1;
			remoteGlobalIDString = 1BB13A79EAB8072D77771F24;
			remoteInfo = MTTPokerTrainer;
		};
/* End PBXContainerItemProxy section */

/* Begin PBXFileReference section */
		02BF8D9018D378CF8EE9945F /* BoardTexture.swift */ = {isa = PBXFileReference; lastKnownFileType = sourcecode.swift; path = BoardTexture.swift; sourceTree = "<group>"; };
		03BD5DA30141C7426C80535B /* RangeLoader.swift */ = {isa = PBXFileReference; lastKnownFileType = sourcecode.swift; path = RangeLoader.swift; sourceTree = "<group>"; };
		045268DA84B23946E7B57DB0 /* StatCard.swift */ = {isa = PBXFileReference; lastKnownFileType = sourcecode.swift; path = StatCard.swift; sourceTree = "<group>"; };
		1126421087A51E76CB89352C /* PostflopAction.swift */ = {isa = PBXFileReference; lastKnownFileType = sourcecode.swift; path = PostflopAction.swift; sourceTree = "<group>"; };
		160B1B6CBAAF4A432C3EF930 /* TrainingSpot.swift */ = {isa = PBXFileReference; lastKnownFileType = sourcecode.swift; path = TrainingSpot.swift; sourceTree = "<group>"; };
		189737EACD0203872082E903 /* BBCalculator.swift */ = {isa = PBXFileReference; lastKnownFileType = sourcecode.swift; path = BBCalculator.swift; sourceTree = "<group>"; };
		18D56DDA2F96BFC15648F761 /* FeedbackSheet.swift */ = {isa = PBXFileReference; lastKnownFileType = sourcecode.swift; path = FeedbackSheet.swift; sourceTree = "<group>"; };
		1C93FD7C2C4251D942D8F188 /* MTT_8max_15bb_SB_pushfold.json */ = {isa = PBXFileReference; lastKnownFileType = text.json; path = MTT_8max_15bb_SB_pushfold.json; sourceTree = "<group>"; };
		1EF86606051A98ED583EC751 /* MTT_8max_100bb_BB_vsopencall.json */ = {isa = PBXFileReference; lastKnownFileType = text.json; path = MTT_8max_100bb_BB_vsopencall.json; sourceTree = "<group>"; };
		21ED46CB809289FE69461467 /* StackDepthBucket.swift */ = {isa = PBXFileReference; lastKnownFileType = sourcecode.swift; path = StackDepthBucket.swift; sourceTree = "<group>"; };
		223F05F18464D47D3DE28F81 /* MTT_8max_10bb_BB_pushfold.json */ = {isa = PBXFileReference; lastKnownFileType = text.json; path = MTT_8max_10bb_BB_pushfold.json; sourceTree = "<group>"; };
		24FBC41D98061AEE81593A70 /* TournamentConfigTests.swift */ = {isa = PBXFileReference; lastKnownFileType = sourcecode.swift; path = TournamentConfigTests.swift; sourceTree = "<group>"; };
		2737A7357E2C5ED17040794A /* HandCombo.swift */ = {isa = PBXFileReference; lastKnownFileType = sourcecode.swift; path = HandCombo.swift; sourceTree = "<group>"; };
		326F7A3E66F0BBE4511C42A5 /* TablePositionTests.swift */ = {isa = PBXFileReference; lastKnownFileType = sourcecode.swift; path = TablePositionTests.swift; sourceTree = "<group>"; };
		331FA3845CEF5895E43AAFFC /* AppSpacing.swift */ = {isa = PBXFileReference; lastKnownFileType = sourcecode.swift; path = AppSpacing.swift; sourceTree = "<group>"; };
		3367660A48AAA3890E9A4F5F /* TrainingSession.swift */ = {isa = PBXFileReference; lastKnownFileType = sourcecode.swift; path = TrainingSession.swift; sourceTree = "<group>"; };
		34F0145E1810330A5AA2EEA6 /* TrainingModeCard.swift */ = {isa = PBXFileReference; lastKnownFileType = sourcecode.swift; path = TrainingModeCard.swift; sourceTree = "<group>"; };
		3A3A35A5D3E457A7794429C0 /* StackDepthTrainerView.swift */ = {isa = PBXFileReference; lastKnownFileType = sourcecode.swift; path = StackDepthTrainerView.swift; sourceTree = "<group>"; };
		3A6A9E337FAECA93CEF9714A /* Info.plist */ = {isa = PBXFileReference; lastKnownFileType = text.plist; path = Info.plist; sourceTree = "<group>"; };
		3AEF0F487D10FAF6B17EC134 /* MTT_8max_30bb_BTN_RFI.json */ = {isa = PBXFileReference; lastKnownFileType = text.json; path = MTT_8max_30bb_BTN_RFI.json; sourceTree = "<group>"; };
		3EE04F95A47AE7A227B95AC4 /* PrimaryButton.swift */ = {isa = PBXFileReference; lastKnownFileType = sourcecode.swift; path = PrimaryButton.swift; sourceTree = "<group>"; };
		3F385B7E7843923E2FA0994E /* MTT_8max_100bb_BTN_RFI.json */ = {isa = PBXFileReference; lastKnownFileType = text.json; path = MTT_8max_100bb_BTN_RFI.json; sourceTree = "<group>"; };
		3FCC6776F9425DDFDDECE1C2 /* AppTheme.swift */ = {isa = PBXFileReference; lastKnownFileType = sourcecode.swift; path = AppTheme.swift; sourceTree = "<group>"; };
		3FFBF9108B10FF3115B9C4CA /* GlassCard.swift */ = {isa = PBXFileReference; lastKnownFileType = sourcecode.swift; path = GlassCard.swift; sourceTree = "<group>"; };
		4183D90792606B64C7536631 /* SettingsView.swift */ = {isa = PBXFileReference; lastKnownFileType = sourcecode.swift; path = SettingsView.swift; sourceTree = "<group>"; };
		43D9C3D791E7A319DA7A28FB /* AppRadius.swift */ = {isa = PBXFileReference; lastKnownFileType = sourcecode.swift; path = AppRadius.swift; sourceTree = "<group>"; };
		469789C0D2C5BD85C25ED424 /* OnboardingView.swift */ = {isa = PBXFileReference; lastKnownFileType = sourcecode.swift; path = OnboardingView.swift; sourceTree = "<group>"; };
		4887CEDB1021AC6162E621E0 /* MTTPokerTrainer.app */ = {isa = PBXFileReference; includeInIndex = 0; lastKnownFileType = wrapper.application; path = MTTPokerTrainer.app; sourceTree = BUILT_PRODUCTS_DIR; };
		4A61A5E2E6D33708DAD644EE /* BoardView.swift */ = {isa = PBXFileReference; lastKnownFileType = sourcecode.swift; path = BoardView.swift; sourceTree = "<group>"; };
		4BD240C9BE153EF2ADD9EECC /* MTTPokerTrainerApp.swift */ = {isa = PBXFileReference; lastKnownFileType = sourcecode.swift; path = MTTPokerTrainerApp.swift; sourceTree = "<group>"; };
		4C1C0897B9457435A667FD2E /* BlindLevel.swift */ = {isa = PBXFileReference; lastKnownFileType = sourcecode.swift; path = BlindLevel.swift; sourceTree = "<group>"; };
		4D1AEB42476D24ABF055559D /* ModelContainer+App.swift */ = {isa = PBXFileReference; lastKnownFileType = sourcecode.swift; path = "ModelContainer+App.swift"; sourceTree = "<group>"; };
		4DD3DB528133C89CF34DB67B /* LeakAnalyzer.swift */ = {isa = PBXFileReference; lastKnownFileType = sourcecode.swift; path = LeakAnalyzer.swift; sourceTree = "<group>"; };
		55CDD5425C5411800A95F9B5 /* CardView.swift */ = {isa = PBXFileReference; lastKnownFileType = sourcecode.swift; path = CardView.swift; sourceTree = "<group>"; };
		58C0BED9B9030C941D08E104 /* PushFoldTrainerViewModel.swift */ = {isa = PBXFileReference; lastKnownFileType = sourcecode.swift; path = PushFoldTrainerViewModel.swift; sourceTree = "<group>"; };
		5A025782609E662DE731D916 /* TableMinimapTests.swift */ = {isa = PBXFileReference; lastKnownFileType = sourcecode.swift; path = TableMinimapTests.swift; sourceTree = "<group>"; };
		5B6209ADB2324A9B00222532 /* TournamentSetupView.swift */ = {isa = PBXFileReference; lastKnownFileType = sourcecode.swift; path = TournamentSetupView.swift; sourceTree = "<group>"; };
		5FC1CA863E4AF0B5CF769E70 /* MTT_8max_10bb_UTG_pushfold.json */ = {isa = PBXFileReference; lastKnownFileType = text.json; path = MTT_8max_10bb_UTG_pushfold.json; sourceTree = "<group>"; };
		60BED4EAFD8A68A8597F2A39 /* AppGlass.swift */ = {isa = PBXFileReference; lastKnownFileType = sourcecode.swift; path = AppGlass.swift; sourceTree = "<group>"; };
		654ECDE45D01E1EE3375AE2E /* RangeChart.swift */ = {isa = PBXFileReference; lastKnownFileType = sourcecode.swift; path = RangeChart.swift; sourceTree = "<group>"; };
		6766084EE94070F1EFB0F77C /* PostflopScorer.swift */ = {isa = PBXFileReference; lastKnownFileType = sourcecode.swift; path = PostflopScorer.swift; sourceTree = "<group>"; };
		68997D87631678EB76979174 /* TournamentSummaryCard.swift */ = {isa = PBXFileReference; lastKnownFileType = sourcecode.swift; path = TournamentSummaryCard.swift; sourceTree = "<group>"; };
		6E781AEBD16A6AABAB329E45 /* MTT_8max_15bb_UTG_pushfold.json */ = {isa = PBXFileReference; lastKnownFileType = text.json; path = MTT_8max_15bb_UTG_pushfold.json; sourceTree = "<group>"; };
		6FC186DB7AEC0ACE26A316B1 /* ActionButton.swift */ = {isa = PBXFileReference; lastKnownFileType = sourcecode.swift; path = ActionButton.swift; sourceTree = "<group>"; };
		6FE04A98FC5EFE7A983BC5FB /* MTT_8max_30bb_SB_RFI.json */ = {isa = PBXFileReference; lastKnownFileType = text.json; path = MTT_8max_30bb_SB_RFI.json; sourceTree = "<group>"; };
		708147CF6A25069389D1093F /* Card.swift */ = {isa = PBXFileReference; lastKnownFileType = sourcecode.swift; path = Card.swift; sourceTree = "<group>"; };
		70E979C604768C1D471ABC3B /* PostflopLoader.swift */ = {isa = PBXFileReference; lastKnownFileType = sourcecode.swift; path = PostflopLoader.swift; sourceTree = "<group>"; };
		73F42DF8DA03ED43BADBE493 /* PostflopScorerTests.swift */ = {isa = PBXFileReference; lastKnownFileType = sourcecode.swift; path = PostflopScorerTests.swift; sourceTree = "<group>"; };
		742571569F4588DEE9FD0B3E /* MTT_8max_100bb_BTN_vs3bet.json */ = {isa = PBXFileReference; lastKnownFileType = text.json; path = MTT_8max_100bb_BTN_vs3bet.json; sourceTree = "<group>"; };
		765BF21659E8246473F67A2C /* PreflopTrainerView.swift */ = {isa = PBXFileReference; lastKnownFileType = sourcecode.swift; path = PreflopTrainerView.swift; sourceTree = "<group>"; };
		769DD950792381A7A7DE0D85 /* PostflopLoaderTests.swift */ = {isa = PBXFileReference; lastKnownFileType = sourcecode.swift; path = PostflopLoaderTests.swift; sourceTree = "<group>"; };
		78127998F7E613C9E5BB63AF /* SpotGenerator.swift */ = {isa = PBXFileReference; lastKnownFileType = sourcecode.swift; path = SpotGenerator.swift; sourceTree = "<group>"; };
		7A191471A5F7276438F274C3 /* AnteType.swift */ = {isa = PBXFileReference; lastKnownFileType = sourcecode.swift; path = AnteType.swift; sourceTree = "<group>"; };
		7AF2C51F96A4E8787CABAE52 /* ReviewView.swift */ = {isa = PBXFileReference; lastKnownFileType = sourcecode.swift; path = ReviewView.swift; sourceTree = "<group>"; };
		7B55B3004AFD3D3FE4809F18 /* RangeAction.swift */ = {isa = PBXFileReference; lastKnownFileType = sourcecode.swift; path = RangeAction.swift; sourceTree = "<group>"; };
		7C2382E2DC71CB852022D0CD /* MTT_8max_100bb_SB_RFI.json */ = {isa = PBXFileReference; lastKnownFileType = text.json; path = MTT_8max_100bb_SB_RFI.json; sourceTree = "<group>"; };
		7FA9C1DD08F2496BC8C14254 /* MTT_8max_15bb_BTN_pushfold.json */ = {isa = PBXFileReference; lastKnownFileType = text.json; path = MTT_8max_15bb_BTN_pushfold.json; sourceTree = "<group>"; };
		8109EE80FB42EC0FC454DD19 /* Assets.xcassets */ = {isa = PBXFileReference; lastKnownFileType = folder.assetcatalog; path = Assets.xcassets; sourceTree = "<group>"; };
		8190D9E499EE578B642BC2FB /* RangesViewModel.swift */ = {isa = PBXFileReference; lastKnownFileType = sourcecode.swift; path = RangesViewModel.swift; sourceTree = "<group>"; };
		81AF920C5EC301F1A9CEE838 /* MTT_8max_30bb_BB_vsopencall.json */ = {isa = PBXFileReference; lastKnownFileType = text.json; path = MTT_8max_30bb_BB_vsopencall.json; sourceTree = "<group>"; };
		82D44942E32DBB2A11D90D62 /* TrainDashboardView.swift */ = {isa = PBXFileReference; lastKnownFileType = sourcecode.swift; path = TrainDashboardView.swift; sourceTree = "<group>"; };
		87477DA3828A984AE7F0D6B2 /* MTT_8max_100bb_UTG_RFI.json */ = {isa = PBXFileReference; lastKnownFileType = text.json; path = MTT_8max_100bb_UTG_RFI.json; sourceTree = "<group>"; };
		8976AD81FB2012A99BAE7D45 /* AppMotion.swift */ = {isa = PBXFileReference; lastKnownFileType = sourcecode.swift; path = AppMotion.swift; sourceTree = "<group>"; };
		8CD5042E08186F02B03F6C1F /* MTT_8max_30bb_UTG_RFI.json */ = {isa = PBXFileReference; lastKnownFileType = text.json; path = MTT_8max_30bb_UTG_RFI.json; sourceTree = "<group>"; };
		8DD85B056F075734D708790B /* HandCardView.swift */ = {isa = PBXFileReference; lastKnownFileType = sourcecode.swift; path = HandCardView.swift; sourceTree = "<group>"; };
		8F733E0FA6F92B2B0FEBDA48 /* RangeCellView.swift */ = {isa = PBXFileReference; lastKnownFileType = sourcecode.swift; path = RangeCellView.swift; sourceTree = "<group>"; };
		924494454305718921E08FF0 /* AppTypography.swift */ = {isa = PBXFileReference; lastKnownFileType = sourcecode.swift; path = AppTypography.swift; sourceTree = "<group>"; };
		94932ECAC3B244591215085F /* PostflopDrillViewModel.swift */ = {isa = PBXFileReference; lastKnownFileType = sourcecode.swift; path = PostflopDrillViewModel.swift; sourceTree = "<group>"; };
		973FB0A4CB853B4920CC1708 /* TrainingMode.swift */ = {isa = PBXFileReference; lastKnownFileType = sourcecode.swift; path = TrainingMode.swift; sourceTree = "<group>"; };
		995A90A925DCC415577D207F /* TournamentConfig.swift */ = {isa = PBXFileReference; lastKnownFileType = sourcecode.swift; path = TournamentConfig.swift; sourceTree = "<group>"; };
		9CFD370436D10247CA3FAEEB /* PlayerLevel.swift */ = {isa = PBXFileReference; lastKnownFileType = sourcecode.swift; path = PlayerLevel.swift; sourceTree = "<group>"; };
		9DFCDCE25BE97DF322B1FBD2 /* Scorer.swift */ = {isa = PBXFileReference; lastKnownFileType = sourcecode.swift; path = Scorer.swift; sourceTree = "<group>"; };
		A02F2D30BB4D5FC3558C8042 /* PushFoldTrainerView.swift */ = {isa = PBXFileReference; lastKnownFileType = sourcecode.swift; path = PushFoldTrainerView.swift; sourceTree = "<group>"; };
		A622F3BFCC95CBD7247B612C /* QuizResult.swift */ = {isa = PBXFileReference; lastKnownFileType = sourcecode.swift; path = QuizResult.swift; sourceTree = "<group>"; };
		A6A4D6F249392D71D53F2814 /* MTTPokerTrainerTests.xctest */ = {isa = PBXFileReference; includeInIndex = 0; lastKnownFileType = wrapper.cfbundle; path = MTTPokerTrainerTests.xctest; sourceTree = BUILT_PRODUCTS_DIR; };
		A8F848BC5784A990F4CACBF1 /* FilterChip.swift */ = {isa = PBXFileReference; lastKnownFileType = sourcecode.swift; path = FilterChip.swift; sourceTree = "<group>"; };
		A9C23635984584C71095F247 /* MainTabView.swift */ = {isa = PBXFileReference; lastKnownFileType = sourcecode.swift; path = MainTabView.swift; sourceTree = "<group>"; };
		AE6C1783CCC864A4C6D75E95 /* ConfigStore.swift */ = {isa = PBXFileReference; lastKnownFileType = sourcecode.swift; path = ConfigStore.swift; sourceTree = "<group>"; };
		B407A4AFDF980B2D9D1C45B8 /* AppBackground.swift */ = {isa = PBXFileReference; lastKnownFileType = sourcecode.swift; path = AppBackground.swift; sourceTree = "<group>"; };
		B40866C23C99401CA93B22F3 /* postflop_spots.json */ = {isa = PBXFileReference; lastKnownFileType = text.json; path = postflop_spots.json; sourceTree = "<group>"; };
		B65289A0A80870E51A3D9D69 /* HandComboTests.swift */ = {isa = PBXFileReference; lastKnownFileType = sourcecode.swift; path = HandComboTests.swift; sourceTree = "<group>"; };
		BC224D7FE7A312C0D35EE6CC /* MTT_8max_15bb_BB_vsopencall.json */ = {isa = PBXFileReference; lastKnownFileType = text.json; path = MTT_8max_15bb_BB_vsopencall.json; sourceTree = "<group>"; };
		BE0387458DF268357615F160 /* LeakCard.swift */ = {isa = PBXFileReference; lastKnownFileType = sourcecode.swift; path = LeakCard.swift; sourceTree = "<group>"; };
		C254FE94AE80EA58E99F9AA9 /* RangeLoaderTests.swift */ = {isa = PBXFileReference; lastKnownFileType = sourcecode.swift; path = RangeLoaderTests.swift; sourceTree = "<group>"; };
		C2D12233F777AECC298BCCE2 /* RangeGridView.swift */ = {isa = PBXFileReference; lastKnownFileType = sourcecode.swift; path = RangeGridView.swift; sourceTree = "<group>"; };
		C5A33EBC7396A04A0268D616 /* SecondaryButton.swift */ = {isa = PBXFileReference; lastKnownFileType = sourcecode.swift; path = SecondaryButton.swift; sourceTree = "<group>"; };
		C6D867E4AED9786D5B7CF0EE /* MTT_8max_10bb_SB_pushfold.json */ = {isa = PBXFileReference; lastKnownFileType = text.json; path = MTT_8max_10bb_SB_pushfold.json; sourceTree = "<group>"; };
		D7167B40B556632325482526 /* TablePosition.swift */ = {isa = PBXFileReference; lastKnownFileType = sourcecode.swift; path = TablePosition.swift; sourceTree = "<group>"; };
		D8D48DBAE514AF5081AD6AA3 /* TrainingAnswer.swift */ = {isa = PBXFileReference; lastKnownFileType = sourcecode.swift; path = TrainingAnswer.swift; sourceTree = "<group>"; };
		D90E46309CBCA1DDD045CDAF /* TableMinimapView.swift */ = {isa = PBXFileReference; lastKnownFileType = sourcecode.swift; path = TableMinimapView.swift; sourceTree = "<group>"; };
		DF6B6DED4A7DF2157EC9D59B /* RangesView.swift */ = {isa = PBXFileReference; lastKnownFileType = sourcecode.swift; path = RangesView.swift; sourceTree = "<group>"; };
		E5F72F67B1BF0025165AF725 /* PreflopTrainerViewModel.swift */ = {isa = PBXFileReference; lastKnownFileType = sourcecode.swift; path = PreflopTrainerViewModel.swift; sourceTree = "<group>"; };
		EA8D16ACBE748E27CBF6D0A5 /* BBCalculatorTests.swift */ = {isa = PBXFileReference; lastKnownFileType = sourcecode.swift; path = BBCalculatorTests.swift; sourceTree = "<group>"; };
		ED9415EF31FEC1558D5AFFD2 /* ScorerTests.swift */ = {isa = PBXFileReference; lastKnownFileType = sourcecode.swift; path = ScorerTests.swift; sourceTree = "<group>"; };
		F0DA8C5A39707E9E5E43D924 /* HandFrequencies.swift */ = {isa = PBXFileReference; lastKnownFileType = sourcecode.swift; path = HandFrequencies.swift; sourceTree = "<group>"; };
		F18B5336FE6D395F1D221C8C /* PostflopSpot.swift */ = {isa = PBXFileReference; lastKnownFileType = sourcecode.swift; path = PostflopSpot.swift; sourceTree = "<group>"; };
		F51EACE871C101493EAEFA79 /* AppColors.swift */ = {isa = PBXFileReference; lastKnownFileType = sourcecode.swift; path = AppColors.swift; sourceTree = "<group>"; };
		F5656DAC810437D88F6575FB /* RangeCell.swift */ = {isa = PBXFileReference; lastKnownFileType = sourcecode.swift; path = RangeCell.swift; sourceTree = "<group>"; };
		FA10CE67053842DBF70633FA /* RangeCoverageTests.swift */ = {isa = PBXFileReference; lastKnownFileType = sourcecode.swift; path = RangeCoverageTests.swift; sourceTree = "<group>"; };
		FA1C54A0A34040C978DE3FFA /* PostflopDrillView.swift */ = {isa = PBXFileReference; lastKnownFileType = sourcecode.swift; path = PostflopDrillView.swift; sourceTree = "<group>"; };
/* End PBXFileReference section */

/* Begin PBXGroup section */
		0681959908D0213657D08637 = {
			isa = PBXGroup;
			children = (
				A246496A546739B28413A6D3 /* MTTPokerTrainer */,
				9CE50B166550D04F6A5B41BF /* MTTPokerTrainerTests */,
				5EC7A77C0E2B440BA73C6FEA /* Products */,
			);
			sourceTree = "<group>";
		};
		349AA07832B56516E400CA9E /* Settings */ = {
			isa = PBXGroup;
			children = (
				4183D90792606B64C7536631 /* SettingsView.swift */,
			);
			path = Settings;
			sourceTree = "<group>";
		};
		590F61BF7430EDFA1F69500E /* Theme */ = {
			isa = PBXGroup;
			children = (
				F51EACE871C101493EAEFA79 /* AppColors.swift */,
				60BED4EAFD8A68A8597F2A39 /* AppGlass.swift */,
				8976AD81FB2012A99BAE7D45 /* AppMotion.swift */,
				43D9C3D791E7A319DA7A28FB /* AppRadius.swift */,
				331FA3845CEF5895E43AAFFC /* AppSpacing.swift */,
				3FCC6776F9425DDFDDECE1C2 /* AppTheme.swift */,
				924494454305718921E08FF0 /* AppTypography.swift */,
			);
			path = Theme;
			sourceTree = "<group>";
		};
		5B40246770B853B9DBB0A21B /* Models */ = {
			isa = PBXGroup;
			children = (
				7A191471A5F7276438F274C3 /* AnteType.swift */,
				4C1C0897B9457435A667FD2E /* BlindLevel.swift */,
				02BF8D9018D378CF8EE9945F /* BoardTexture.swift */,
				708147CF6A25069389D1093F /* Card.swift */,
				2737A7357E2C5ED17040794A /* HandCombo.swift */,
				F0DA8C5A39707E9E5E43D924 /* HandFrequencies.swift */,
				9CFD370436D10247CA3FAEEB /* PlayerLevel.swift */,
				1126421087A51E76CB89352C /* PostflopAction.swift */,
				F18B5336FE6D395F1D221C8C /* PostflopSpot.swift */,
				A622F3BFCC95CBD7247B612C /* QuizResult.swift */,
				7B55B3004AFD3D3FE4809F18 /* RangeAction.swift */,
				F5656DAC810437D88F6575FB /* RangeCell.swift */,
				654ECDE45D01E1EE3375AE2E /* RangeChart.swift */,
				21ED46CB809289FE69461467 /* StackDepthBucket.swift */,
				D7167B40B556632325482526 /* TablePosition.swift */,
				995A90A925DCC415577D207F /* TournamentConfig.swift */,
				D8D48DBAE514AF5081AD6AA3 /* TrainingAnswer.swift */,
				973FB0A4CB853B4920CC1708 /* TrainingMode.swift */,
				3367660A48AAA3890E9A4F5F /* TrainingSession.swift */,
				160B1B6CBAAF4A432C3EF930 /* TrainingSpot.swift */,
			);
			path = Models;
			sourceTree = "<group>";
		};
		5EC7A77C0E2B440BA73C6FEA /* Products */ = {
			isa = PBXGroup;
			children = (
				4887CEDB1021AC6162E621E0 /* MTTPokerTrainer.app */,
				A6A4D6F249392D71D53F2814 /* MTTPokerTrainerTests.xctest */,
			);
			name = Products;
			sourceTree = "<group>";
		};
		6585385FDF7E7354F3AD5E6B /* Setup */ = {
			isa = PBXGroup;
			children = (
				5B6209ADB2324A9B00222532 /* TournamentSetupView.swift */,
			);
			path = Setup;
			sourceTree = "<group>";
		};
		73C457265AF2BBDD597D7EF8 /* Resources */ = {
			isa = PBXGroup;
			children = (
				83AA38BCE62D3A30069F3D39 /* Postflop */,
				F2891EDD3B74AF11DE9CD498 /* Ranges */,
			);
			path = Resources;
			sourceTree = "<group>";
		};
		83AA38BCE62D3A30069F3D39 /* Postflop */ = {
			isa = PBXGroup;
			children = (
				B40866C23C99401CA93B22F3 /* postflop_spots.json */,
			);
			path = Postflop;
			sourceTree = "<group>";
		};
		854027A56590695E473165A3 /* Ranges */ = {
			isa = PBXGroup;
			children = (
				DF6B6DED4A7DF2157EC9D59B /* RangesView.swift */,
				8190D9E499EE578B642BC2FB /* RangesViewModel.swift */,
			);
			path = Ranges;
			sourceTree = "<group>";
		};
		8BBA619C6CB41AB6CB06D7FD /* Train */ = {
			isa = PBXGroup;
			children = (
				765BF21659E8246473F67A2C /* PreflopTrainerView.swift */,
				E5F72F67B1BF0025165AF725 /* PreflopTrainerViewModel.swift */,
				A02F2D30BB4D5FC3558C8042 /* PushFoldTrainerView.swift */,
				58C0BED9B9030C941D08E104 /* PushFoldTrainerViewModel.swift */,
				3A3A35A5D3E457A7794429C0 /* StackDepthTrainerView.swift */,
				82D44942E32DBB2A11D90D62 /* TrainDashboardView.swift */,
			);
			path = Train;
			sourceTree = "<group>";
		};
		8EC3528B8932972D939EFECA /* Review */ = {
			isa = PBXGroup;
			children = (
				7AF2C51F96A4E8787CABAE52 /* ReviewView.swift */,
			);
			path = Review;
			sourceTree = "<group>";
		};
		9CE50B166550D04F6A5B41BF /* MTTPokerTrainerTests */ = {
			isa = PBXGroup;
			children = (
				EA8D16ACBE748E27CBF6D0A5 /* BBCalculatorTests.swift */,
				B65289A0A80870E51A3D9D69 /* HandComboTests.swift */,
				769DD950792381A7A7DE0D85 /* PostflopLoaderTests.swift */,
				73F42DF8DA03ED43BADBE493 /* PostflopScorerTests.swift */,
				FA10CE67053842DBF70633FA /* RangeCoverageTests.swift */,
				C254FE94AE80EA58E99F9AA9 /* RangeLoaderTests.swift */,
				ED9415EF31FEC1558D5AFFD2 /* ScorerTests.swift */,
				5A025782609E662DE731D916 /* TableMinimapTests.swift */,
				326F7A3E66F0BBE4511C42A5 /* TablePositionTests.swift */,
				24FBC41D98061AEE81593A70 /* TournamentConfigTests.swift */,
			);
			path = MTTPokerTrainerTests;
			sourceTree = "<group>";
		};
		A246496A546739B28413A6D3 /* MTTPokerTrainer */ = {
			isa = PBXGroup;
			children = (
				BE486AF55AE874453A99062C /* Components */,
				A453C8A713DE21D35124666F /* Features */,
				E4736162A7413BE873928322 /* Logic */,
				5B40246770B853B9DBB0A21B /* Models */,
				A4F172A0ABDF282503034FA9 /* Persistence */,
				73C457265AF2BBDD597D7EF8 /* Resources */,
				590F61BF7430EDFA1F69500E /* Theme */,
				8109EE80FB42EC0FC454DD19 /* Assets.xcassets */,
				3A6A9E337FAECA93CEF9714A /* Info.plist */,
				4BD240C9BE153EF2ADD9EECC /* MTTPokerTrainerApp.swift */,
			);
			path = MTTPokerTrainer;
			sourceTree = "<group>";
		};
		A453C8A713DE21D35124666F /* Features */ = {
			isa = PBXGroup;
			children = (
				CB5D555AE9F79998FF920EF5 /* Onboarding */,
				A86608F94409FB2555D4E846 /* Postflop */,
				854027A56590695E473165A3 /* Ranges */,
				8EC3528B8932972D939EFECA /* Review */,
				349AA07832B56516E400CA9E /* Settings */,
				6585385FDF7E7354F3AD5E6B /* Setup */,
				8BBA619C6CB41AB6CB06D7FD /* Train */,
				A9C23635984584C71095F247 /* MainTabView.swift */,
			);
			path = Features;
			sourceTree = "<group>";
		};
		A4F172A0ABDF282503034FA9 /* Persistence */ = {
			isa = PBXGroup;
			children = (
				AE6C1783CCC864A4C6D75E95 /* ConfigStore.swift */,
				4D1AEB42476D24ABF055559D /* ModelContainer+App.swift */,
			);
			path = Persistence;
			sourceTree = "<group>";
		};
		A86608F94409FB2555D4E846 /* Postflop */ = {
			isa = PBXGroup;
			children = (
				FA1C54A0A34040C978DE3FFA /* PostflopDrillView.swift */,
				94932ECAC3B244591215085F /* PostflopDrillViewModel.swift */,
			);
			path = Postflop;
			sourceTree = "<group>";
		};
		BE486AF55AE874453A99062C /* Components */ = {
			isa = PBXGroup;
			children = (
				6FC186DB7AEC0ACE26A316B1 /* ActionButton.swift */,
				B407A4AFDF980B2D9D1C45B8 /* AppBackground.swift */,
				4A61A5E2E6D33708DAD644EE /* BoardView.swift */,
				55CDD5425C5411800A95F9B5 /* CardView.swift */,
				18D56DDA2F96BFC15648F761 /* FeedbackSheet.swift */,
				A8F848BC5784A990F4CACBF1 /* FilterChip.swift */,
				3FFBF9108B10FF3115B9C4CA /* GlassCard.swift */,
				8DD85B056F075734D708790B /* HandCardView.swift */,
				BE0387458DF268357615F160 /* LeakCard.swift */,
				3EE04F95A47AE7A227B95AC4 /* PrimaryButton.swift */,
				8F733E0FA6F92B2B0FEBDA48 /* RangeCellView.swift */,
				C2D12233F777AECC298BCCE2 /* RangeGridView.swift */,
				C5A33EBC7396A04A0268D616 /* SecondaryButton.swift */,
				045268DA84B23946E7B57DB0 /* StatCard.swift */,
				D90E46309CBCA1DDD045CDAF /* TableMinimapView.swift */,
				68997D87631678EB76979174 /* TournamentSummaryCard.swift */,
				34F0145E1810330A5AA2EEA6 /* TrainingModeCard.swift */,
			);
			path = Components;
			sourceTree = "<group>";
		};
		CB5D555AE9F79998FF920EF5 /* Onboarding */ = {
			isa = PBXGroup;
			children = (
				469789C0D2C5BD85C25ED424 /* OnboardingView.swift */,
			);
			path = Onboarding;
			sourceTree = "<group>";
		};
		E4736162A7413BE873928322 /* Logic */ = {
			isa = PBXGroup;
			children = (
				189737EACD0203872082E903 /* BBCalculator.swift */,
				4DD3DB528133C89CF34DB67B /* LeakAnalyzer.swift */,
				70E979C604768C1D471ABC3B /* PostflopLoader.swift */,
				6766084EE94070F1EFB0F77C /* PostflopScorer.swift */,
				03BD5DA30141C7426C80535B /* RangeLoader.swift */,
				9DFCDCE25BE97DF322B1FBD2 /* Scorer.swift */,
				78127998F7E613C9E5BB63AF /* SpotGenerator.swift */,
			);
			path = Logic;
			sourceTree = "<group>";
		};
		F2891EDD3B74AF11DE9CD498 /* Ranges */ = {
			isa = PBXGroup;
			children = (
				223F05F18464D47D3DE28F81 /* MTT_8max_10bb_BB_pushfold.json */,
				C6D867E4AED9786D5B7CF0EE /* MTT_8max_10bb_SB_pushfold.json */,
				5FC1CA863E4AF0B5CF769E70 /* MTT_8max_10bb_UTG_pushfold.json */,
				BC224D7FE7A312C0D35EE6CC /* MTT_8max_15bb_BB_vsopencall.json */,
				7FA9C1DD08F2496BC8C14254 /* MTT_8max_15bb_BTN_pushfold.json */,
				1C93FD7C2C4251D942D8F188 /* MTT_8max_15bb_SB_pushfold.json */,
				6E781AEBD16A6AABAB329E45 /* MTT_8max_15bb_UTG_pushfold.json */,
				81AF920C5EC301F1A9CEE838 /* MTT_8max_30bb_BB_vsopencall.json */,
				3AEF0F487D10FAF6B17EC134 /* MTT_8max_30bb_BTN_RFI.json */,
				6FE04A98FC5EFE7A983BC5FB /* MTT_8max_30bb_SB_RFI.json */,
				8CD5042E08186F02B03F6C1F /* MTT_8max_30bb_UTG_RFI.json */,
				1EF86606051A98ED583EC751 /* MTT_8max_100bb_BB_vsopencall.json */,
				3F385B7E7843923E2FA0994E /* MTT_8max_100bb_BTN_RFI.json */,
				742571569F4588DEE9FD0B3E /* MTT_8max_100bb_BTN_vs3bet.json */,
				7C2382E2DC71CB852022D0CD /* MTT_8max_100bb_SB_RFI.json */,
				87477DA3828A984AE7F0D6B2 /* MTT_8max_100bb_UTG_RFI.json */,
			);
			path = Ranges;
			sourceTree = "<group>";
		};
/* End PBXGroup section */

/* Begin PBXNativeTarget section */
		1BB13A79EAB8072D77771F24 /* MTTPokerTrainer */ = {
			isa = PBXNativeTarget;
			buildConfigurationList = 95434C5955D59E8969180583 /* Build configuration list for PBXNativeTarget "MTTPokerTrainer" */;
			buildPhases = (
				FDE78F9EFF52285944DE63C2 /* Sources */,
				9DBAFEF4AA5C0281B9F00665 /* Resources */,
			);
			buildRules = (
			);
			dependencies = (
			);
			name = MTTPokerTrainer;
			packageProductDependencies = (
			);
			productName = MTTPokerTrainer;
			productReference = 4887CEDB1021AC6162E621E0 /* MTTPokerTrainer.app */;
			productType = "com.apple.product-type.application";
		};
		6F8ABD240119A4BC431A62DE /* MTTPokerTrainerTests */ = {
			isa = PBXNativeTarget;
			buildConfigurationList = E0CC5347FE73A4FBA07966EE /* Build configuration list for PBXNativeTarget "MTTPokerTrainerTests" */;
			buildPhases = (
				8D0DD7D07C485D04B90B2F39 /* Sources */,
			);
			buildRules = (
			);
			dependencies = (
				42715EF434FA48D7A0E2CFAB /* PBXTargetDependency */,
			);
			name = MTTPokerTrainerTests;
			packageProductDependencies = (
			);
			productName = MTTPokerTrainerTests;
			productReference = A6A4D6F249392D71D53F2814 /* MTTPokerTrainerTests.xctest */;
			productType = "com.apple.product-type.bundle.unit-test";
		};
/* End PBXNativeTarget section */

/* Begin PBXProject section */
		93696495A846DFE804F6158D /* Project object */ = {
			isa = PBXProject;
			attributes = {
				BuildIndependentTargetsInParallel = YES;
				LastUpgradeCheck = 1430;
				TargetAttributes = {
					1BB13A79EAB8072D77771F24 = {
						DevelopmentTeam = "";
						ProvisioningStyle = Automatic;
					};
					6F8ABD240119A4BC431A62DE = {
						DevelopmentTeam = "";
						ProvisioningStyle = Automatic;
					};
				};
			};
			buildConfigurationList = 61505D3562099EC65F502712 /* Build configuration list for PBXProject "MTTPokerTrainer" */;
			developmentRegion = en;
			hasScannedForEncodings = 0;
			knownRegions = (
				Base,
				en,
			);
			mainGroup = 0681959908D0213657D08637;
			minimizedProjectReferenceProxies = 1;
			preferredProjectObjectVersion = 77;
			productRefGroup = 5EC7A77C0E2B440BA73C6FEA /* Products */;
			projectDirPath = "";
			projectRoot = "";
			targets = (
				1BB13A79EAB8072D77771F24 /* MTTPokerTrainer */,
				6F8ABD240119A4BC431A62DE /* MTTPokerTrainerTests */,
			);
		};
/* End PBXProject section */

/* Begin PBXResourcesBuildPhase section */
		9DBAFEF4AA5C0281B9F00665 /* Resources */ = {
			isa = PBXResourcesBuildPhase;
			buildActionMask = 2147483647;
			files = (
				3357C0FFBC0F37684FDB8DD2 /* Assets.xcassets in Resources */,
				3F46E31C369949256B39779F /* MTT_8max_100bb_BB_vsopencall.json in Resources */,
				8D0FE8329FB08D953B584772 /* MTT_8max_100bb_BTN_RFI.json in Resources */,
				215EAC3EECBDD8E6DAA39BE8 /* MTT_8max_100bb_BTN_vs3bet.json in Resources */,
				24C7B8AE6DF8C05463622338 /* MTT_8max_100bb_SB_RFI.json in Resources */,
				3A03BB15FF4258BB56E4455F /* MTT_8max_100bb_UTG_RFI.json in Resources */,
				766804F31962A22E6FDDF69A /* MTT_8max_10bb_BB_pushfold.json in Resources */,
				82144A2451AF072EE0AB2436 /* MTT_8max_10bb_SB_pushfold.json in Resources */,
				1C74DE554D5AC8CE2F9C5B8A /* MTT_8max_10bb_UTG_pushfold.json in Resources */,
				A2794116C88949DA8B3A6746 /* MTT_8max_15bb_BB_vsopencall.json in Resources */,
				D489E08805C1C150F9236D6D /* MTT_8max_15bb_BTN_pushfold.json in Resources */,
				2AD02EBF67A926A17D022E7F /* MTT_8max_15bb_SB_pushfold.json in Resources */,
				257AB62B07566796AE925A7A /* MTT_8max_15bb_UTG_pushfold.json in Resources */,
				2F3072BF1372E19820170784 /* MTT_8max_30bb_BB_vsopencall.json in Resources */,
				3C2C707FF83B9AC236EAFD99 /* MTT_8max_30bb_BTN_RFI.json in Resources */,
				22B3CFE87C5D80A4B6917041 /* MTT_8max_30bb_SB_RFI.json in Resources */,
				286683B44BCBCD8AC976E5B6 /* MTT_8max_30bb_UTG_RFI.json in Resources */,
				6EC1131D84CD9B0E5D83B45F /* postflop_spots.json in Resources */,
			);
			runOnlyForDeploymentPostprocessing = 0;
		};
/* End PBXResourcesBuildPhase section */

/* Begin PBXSourcesBuildPhase section */
		8D0DD7D07C485D04B90B2F39 /* Sources */ = {
			isa = PBXSourcesBuildPhase;
			buildActionMask = 2147483647;
			files = (
				FAC57C4D48561B320A6468F9 /* BBCalculatorTests.swift in Sources */,
				64E24C0AD579BD1C16E4681E /* HandComboTests.swift in Sources */,
				FC0EBA5DB62A7C0F7AF2EC46 /* PostflopLoaderTests.swift in Sources */,
				8F60644AF662EC540CEEC3C6 /* PostflopScorerTests.swift in Sources */,
				E571CF55C37FAB34B0200B7B /* RangeCoverageTests.swift in Sources */,
				6247F4BA548D736A34FDC2D2 /* RangeLoaderTests.swift in Sources */,
				E13B40292238100C4E948815 /* ScorerTests.swift in Sources */,
				669388CDB4481FC1B841BB5E /* TableMinimapTests.swift in Sources */,
				0F491299A5B62DFBF21D91EB /* TablePositionTests.swift in Sources */,
				6124DE31DBCC86BBC99C2031 /* TournamentConfigTests.swift in Sources */,
			);
			runOnlyForDeploymentPostprocessing = 0;
		};
		FDE78F9EFF52285944DE63C2 /* Sources */ = {
			isa = PBXSourcesBuildPhase;
			buildActionMask = 2147483647;
			files = (
				6A06EFBE3D98BC9AC4174E13 /* ActionButton.swift in Sources */,
				2F0CFE9B6E14CA8D3BE95E21 /* AnteType.swift in Sources */,
				3F022FA38B7A2A9947D88BA3 /* AppBackground.swift in Sources */,
				FEE5FE6BFFBCA0B162C168D3 /* AppColors.swift in Sources */,
				65272797427605126EBA31FE /* AppGlass.swift in Sources */,
				58D908AFEE6C3C2DAD0D5D76 /* AppMotion.swift in Sources */,
				D83A3C774DE6F401F33F64B1 /* AppRadius.swift in Sources */,
				09F84E8CE8D590FB3024AA78 /* AppSpacing.swift in Sources */,
				7C711905BF07F0A46E2F234A /* AppTheme.swift in Sources */,
				54A32A0925B19DBC662CD11E /* AppTypography.swift in Sources */,
				5E289B4B5C8C8152082EE552 /* BBCalculator.swift in Sources */,
				B12199D0A077B91362A73783 /* BlindLevel.swift in Sources */,
				F4EB9CD6A556085E120A384E /* BoardTexture.swift in Sources */,
				D673FD801F55559373A2BC9F /* BoardView.swift in Sources */,
				A41702B3D8726B65D5D41561 /* Card.swift in Sources */,
				F4FFBA446C5B66C8776A3E69 /* CardView.swift in Sources */,
				98E149CCB02B849F2EAF5CA3 /* ConfigStore.swift in Sources */,
				79EC1FB3E1AFE4752D763ACC /* FeedbackSheet.swift in Sources */,
				42649C93C7DFEC7D292BCED3 /* FilterChip.swift in Sources */,
				934BE3A67ACBBE7719FCDB59 /* GlassCard.swift in Sources */,
				75BE10FD1E1C0895FE409770 /* HandCardView.swift in Sources */,
				7DA5D3C18E10A0AC0226563A /* HandCombo.swift in Sources */,
				542223BE588852F98747CFA3 /* HandFrequencies.swift in Sources */,
				69905550A662FE324F780725 /* LeakAnalyzer.swift in Sources */,
				5FA5AC102BEA4A031D8E31D8 /* LeakCard.swift in Sources */,
				76EBC17C5B3E8A08C81A4A1F /* MTTPokerTrainerApp.swift in Sources */,
				2AC189F7B7961053F0ECD91C /* MainTabView.swift in Sources */,
				C399811CBA002031906A7B52 /* ModelContainer+App.swift in Sources */,
				E3D46E0856D9F6F475A76745 /* OnboardingView.swift in Sources */,
				85EE680D8A64FF706CCEA88D /* PlayerLevel.swift in Sources */,
				E4988B5F71953435CBB28E98 /* PostflopAction.swift in Sources */,
				C2B5791E98CB2F27ABCE7EB7 /* PostflopDrillView.swift in Sources */,
				CDA635B5AF2A1AF9AE78BAD8 /* PostflopDrillViewModel.swift in Sources */,
				D666C1383166A8C4BA455112 /* PostflopLoader.swift in Sources */,
				EA2819F321A51F3F835F2D66 /* PostflopScorer.swift in Sources */,
				EE2BD56FB0926581E037E01B /* PostflopSpot.swift in Sources */,
				223460FF74471C3DD0A72ED4 /* PreflopTrainerView.swift in Sources */,
				9E9D71B58870E4284B530E30 /* PreflopTrainerViewModel.swift in Sources */,
				C095F2725F4FD059CDE1D940 /* PrimaryButton.swift in Sources */,
				9A773B7E986ABEBDC8679346 /* PushFoldTrainerView.swift in Sources */,
				A6BFAFCE07D298F7DEBAED69 /* PushFoldTrainerViewModel.swift in Sources */,
				3C0C97715DB96C97469CD6E6 /* QuizResult.swift in Sources */,
				53AA1DF77F610766D879476A /* RangeAction.swift in Sources */,
				EEAFCB322E0A9D17193E6985 /* RangeCell.swift in Sources */,
				295A0B462C7985B00002FA67 /* RangeCellView.swift in Sources */,
				56F7F815D948363229ACBB9D /* RangeChart.swift in Sources */,
				27B8CE420A7738E811545E32 /* RangeGridView.swift in Sources */,
				9C3EEE76CD3007D76AC00B94 /* RangeLoader.swift in Sources */,
				0C3E353045D11E5CD920A611 /* RangesView.swift in Sources */,
				CB3B965482EC683DAB646B58 /* RangesViewModel.swift in Sources */,
				1B5D7534CC6FF99E3B20EADE /* ReviewView.swift in Sources */,
				90D5B04AED7A0FF626CE36B3 /* Scorer.swift in Sources */,
				5C778024D0A6820D5AB63E47 /* SecondaryButton.swift in Sources */,
				AD807920BFA2FF3B5CCA37BC /* SettingsView.swift in Sources */,
				13578266B888F69581E4EC6B /* SpotGenerator.swift in Sources */,
				EB0BCCAEC5605F3884BAD04D /* StackDepthBucket.swift in Sources */,
				00008A3B10664A3E4DFC02B5 /* StackDepthTrainerView.swift in Sources */,
				58AF38827A56388A3C3B2644 /* StatCard.swift in Sources */,
				D6B1A38FDCCAAD9355A82EE5 /* TableMinimapView.swift in Sources */,
				07BF8FB6090950D77ADABFF2 /* TablePosition.swift in Sources */,
				DB79BD090AA94B1D1B1A96F8 /* TournamentConfig.swift in Sources */,
				5E3FCED709557680A7B71C1E /* TournamentSetupView.swift in Sources */,
				BE5A00B31FDC80694F3E7AE2 /* TournamentSummaryCard.swift in Sources */,
				6031DB9C9C64EEFE3EEEB1B1 /* TrainDashboardView.swift in Sources */,
				12CE1FDE13D57EAD9DFBEA51 /* TrainingAnswer.swift in Sources */,
				8192FBD6E693614EC615D92D /* TrainingMode.swift in Sources */,
				DF63511709B02586F20FE10F /* TrainingModeCard.swift in Sources */,
				6BF1EC7B130078E081E80E2D /* TrainingSession.swift in Sources */,
				F2B652DF7ABC9C9676823C0F /* TrainingSpot.swift in Sources */,
			);
			runOnlyForDeploymentPostprocessing = 0;
		};
/* End PBXSourcesBuildPhase section */

/* Begin PBXTargetDependency section */
		42715EF434FA48D7A0E2CFAB /* PBXTargetDependency */ = {
			isa = PBXTargetDependency;
			target = 1BB13A79EAB8072D77771F24 /* MTTPokerTrainer */;
			targetProxy = FD0123B5B046B94E53E74C6F /* PBXContainerItemProxy */;
		};
/* End PBXTargetDependency section */

/* Begin XCBuildConfiguration section */
		0D26D0E155C65A898A4913D0 /* Release */ = {
			isa = XCBuildConfiguration;
			buildSettings = {
				BUNDLE_LOADER = "$(TEST_HOST)";
				GENERATE_INFOPLIST_FILE = YES;
				LD_RUNPATH_SEARCH_PATHS = (
					"$(inherited)",
					"@executable_path/Frameworks",
					"@loader_path/Frameworks",
				);
				PRODUCT_BUNDLE_IDENTIFIER = com.mttpokertrainer.app.tests;
				SDKROOT = iphoneos;
				TARGETED_DEVICE_FAMILY = "1,2";
				TEST_HOST = "$(BUILT_PRODUCTS_DIR)/MTTPokerTrainer.app/MTTPokerTrainer";
			};
			name = Release;
		};
		338B95850451F589DEA0F6EE /* Debug */ = {
			isa = XCBuildConfiguration;
			buildSettings = {
				BUNDLE_LOADER = "$(TEST_HOST)";
				GENERATE_INFOPLIST_FILE = YES;
				LD_RUNPATH_SEARCH_PATHS = (
					"$(inherited)",
					"@executable_path/Frameworks",
					"@loader_path/Frameworks",
				);
				PRODUCT_BUNDLE_IDENTIFIER = com.mttpokertrainer.app.tests;
				SDKROOT = iphoneos;
				TARGETED_DEVICE_FAMILY = "1,2";
				TEST_HOST = "$(BUILT_PRODUCTS_DIR)/MTTPokerTrainer.app/MTTPokerTrainer";
			};
			name = Debug;
		};
		3DF89D1DEE628197650F5F98 /* Release */ = {
			isa = XCBuildConfiguration;
			buildSettings = {
				ASSETCATALOG_COMPILER_APPICON_NAME = AppIcon;
				CODE_SIGN_IDENTITY = "iPhone Developer";
				ENABLE_PREVIEWS = YES;
				GENERATE_INFOPLIST_FILE = NO;
				INFOPLIST_FILE = MTTPokerTrainer/Info.plist;
				LD_RUNPATH_SEARCH_PATHS = (
					"$(inherited)",
					"@executable_path/Frameworks",
				);
				PRODUCT_BUNDLE_IDENTIFIER = com.mttpokertrainer.app;
				SDKROOT = iphoneos;
				SWIFT_EMIT_LOC_STRINGS = YES;
				TARGETED_DEVICE_FAMILY = 1;
			};
			name = Release;
		};
		43A535CE34FDF42CB5FF25DB /* Release */ = {
			isa = XCBuildConfiguration;
			buildSettings = {
				ALWAYS_SEARCH_USER_PATHS = NO;
				CLANG_ANALYZER_NONNULL = YES;
				CLANG_ANALYZER_NUMBER_OBJECT_CONVERSION = YES_AGGRESSIVE;
				CLANG_CXX_LANGUAGE_STANDARD = "gnu++14";
				CLANG_CXX_LIBRARY = "libc++";
				CLANG_ENABLE_MODULES = YES;
				CLANG_ENABLE_OBJC_ARC = YES;
				CLANG_ENABLE_OBJC_WEAK = YES;
				CLANG_WARN_BLOCK_CAPTURE_AUTORELEASING = YES;
				CLANG_WARN_BOOL_CONVERSION = YES;
				CLANG_WARN_COMMA = YES;
				CLANG_WARN_CONSTANT_CONVERSION = YES;
				CLANG_WARN_DEPRECATED_OBJC_IMPLEMENTATIONS = YES;
				CLANG_WARN_DIRECT_OBJC_ISA_USAGE = YES_ERROR;
				CLANG_WARN_DOCUMENTATION_COMMENTS = YES;
				CLANG_WARN_EMPTY_BODY = YES;
				CLANG_WARN_ENUM_CONVERSION = YES;
				CLANG_WARN_INFINITE_RECURSION = YES;
				CLANG_WARN_INT_CONVERSION = YES;
				CLANG_WARN_NON_LITERAL_NULL_CONVERSION = YES;
				CLANG_WARN_OBJC_IMPLICIT_RETAIN_SELF = YES;
				CLANG_WARN_OBJC_LITERAL_CONVERSION = YES;
				CLANG_WARN_OBJC_ROOT_CLASS = YES_ERROR;
				CLANG_WARN_QUOTED_INCLUDE_IN_FRAMEWORK_HEADER = YES;
				CLANG_WARN_RANGE_LOOP_ANALYSIS = YES;
				CLANG_WARN_STRICT_PROTOTYPES = YES;
				CLANG_WARN_SUSPICIOUS_MOVE = YES;
				CLANG_WARN_UNGUARDED_AVAILABILITY = YES_AGGRESSIVE;
				CLANG_WARN_UNREACHABLE_CODE = YES;
				CLANG_WARN__DUPLICATE_METHOD_MATCH = YES;
				CODE_SIGNING_REQUIRED = NO;
				CODE_SIGN_IDENTITY = "";
				CODE_SIGN_STYLE = Automatic;
				COPY_PHASE_STRIP = NO;
				DEBUG_INFORMATION_FORMAT = "dwarf-with-dsym";
				DEVELOPMENT_TEAM = "";
				ENABLE_NS_ASSERTIONS = NO;
				ENABLE_STRICT_OBJC_MSGSEND = YES;
				ENABLE_USER_SCRIPT_SANDBOXING = YES;
				GCC_C_LANGUAGE_STANDARD = gnu11;
				GCC_NO_COMMON_BLOCKS = YES;
				GCC_WARN_64_TO_32_BIT_CONVERSION = YES;
				GCC_WARN_ABOUT_RETURN_TYPE = YES_ERROR;
				GCC_WARN_UNDECLARED_SELECTOR = YES;
				GCC_WARN_UNINITIALIZED_AUTOS = YES_AGGRESSIVE;
				GCC_WARN_UNUSED_FUNCTION = YES;
				GCC_WARN_UNUSED_VARIABLE = YES;
				IPHONEOS_DEPLOYMENT_TARGET = 17.0;
				MTL_ENABLE_DEBUG_INFO = NO;
				MTL_FAST_MATH = YES;
				PRODUCT_NAME = "$(TARGET_NAME)";
				SDKROOT = iphoneos;
				SWIFT_COMPILATION_MODE = wholemodule;
				SWIFT_OPTIMIZATION_LEVEL = "-O";
				SWIFT_STRICT_CONCURRENCY = minimal;
				SWIFT_VERSION = 5.10;
			};
			name = Release;
		};
		912601A540A7B37EAFB18BAB /* Debug */ = {
			isa = XCBuildConfiguration;
			buildSettings = {
				ASSETCATALOG_COMPILER_APPICON_NAME = AppIcon;
				CODE_SIGN_IDENTITY = "iPhone Developer";
				ENABLE_PREVIEWS = YES;
				GENERATE_INFOPLIST_FILE = NO;
				INFOPLIST_FILE = MTTPokerTrainer/Info.plist;
				LD_RUNPATH_SEARCH_PATHS = (
					"$(inherited)",
					"@executable_path/Frameworks",
				);
				PRODUCT_BUNDLE_IDENTIFIER = com.mttpokertrainer.app;
				SDKROOT = iphoneos;
				SWIFT_EMIT_LOC_STRINGS = YES;
				TARGETED_DEVICE_FAMILY = 1;
			};
			name = Debug;
		};
		994430564EFFE331A5C9A45B /* Debug */ = {
			isa = XCBuildConfiguration;
			buildSettings = {
				ALWAYS_SEARCH_USER_PATHS = NO;
				CLANG_ANALYZER_NONNULL = YES;
				CLANG_ANALYZER_NUMBER_OBJECT_CONVERSION = YES_AGGRESSIVE;
				CLANG_CXX_LANGUAGE_STANDARD = "gnu++14";
				CLANG_CXX_LIBRARY = "libc++";
				CLANG_ENABLE_MODULES = YES;
				CLANG_ENABLE_OBJC_ARC = YES;
				CLANG_ENABLE_OBJC_WEAK = YES;
				CLANG_WARN_BLOCK_CAPTURE_AUTORELEASING = YES;
				CLANG_WARN_BOOL_CONVERSION = YES;
				CLANG_WARN_COMMA = YES;
				CLANG_WARN_CONSTANT_CONVERSION = YES;
				CLANG_WARN_DEPRECATED_OBJC_IMPLEMENTATIONS = YES;
				CLANG_WARN_DIRECT_OBJC_ISA_USAGE = YES_ERROR;
				CLANG_WARN_DOCUMENTATION_COMMENTS = YES;
				CLANG_WARN_EMPTY_BODY = YES;
				CLANG_WARN_ENUM_CONVERSION = YES;
				CLANG_WARN_INFINITE_RECURSION = YES;
				CLANG_WARN_INT_CONVERSION = YES;
				CLANG_WARN_NON_LITERAL_NULL_CONVERSION = YES;
				CLANG_WARN_OBJC_IMPLICIT_RETAIN_SELF = YES;
				CLANG_WARN_OBJC_LITERAL_CONVERSION = YES;
				CLANG_WARN_OBJC_ROOT_CLASS = YES_ERROR;
				CLANG_WARN_QUOTED_INCLUDE_IN_FRAMEWORK_HEADER = YES;
				CLANG_WARN_RANGE_LOOP_ANALYSIS = YES;
				CLANG_WARN_STRICT_PROTOTYPES = YES;
				CLANG_WARN_SUSPICIOUS_MOVE = YES;
				CLANG_WARN_UNGUARDED_AVAILABILITY = YES_AGGRESSIVE;
				CLANG_WARN_UNREACHABLE_CODE = YES;
				CLANG_WARN__DUPLICATE_METHOD_MATCH = YES;
				CODE_SIGNING_REQUIRED = NO;
				CODE_SIGN_IDENTITY = "";
				CODE_SIGN_STYLE = Automatic;
				COPY_PHASE_STRIP = NO;
				DEBUG_INFORMATION_FORMAT = dwarf;
				DEVELOPMENT_TEAM = "";
				ENABLE_STRICT_OBJC_MSGSEND = YES;
				ENABLE_TESTABILITY = YES;
				ENABLE_USER_SCRIPT_SANDBOXING = YES;
				GCC_C_LANGUAGE_STANDARD = gnu11;
				GCC_DYNAMIC_NO_PIC = NO;
				GCC_NO_COMMON_BLOCKS = YES;
				GCC_OPTIMIZATION_LEVEL = 0;
				GCC_PREPROCESSOR_DEFINITIONS = (
					"$(inherited)",
					"DEBUG=1",
				);
				GCC_WARN_64_TO_32_BIT_CONVERSION = YES;
				GCC_WARN_ABOUT_RETURN_TYPE = YES_ERROR;
				GCC_WARN_UNDECLARED_SELECTOR = YES;
				GCC_WARN_UNINITIALIZED_AUTOS = YES_AGGRESSIVE;
				GCC_WARN_UNUSED_FUNCTION = YES;
				GCC_WARN_UNUSED_VARIABLE = YES;
				IPHONEOS_DEPLOYMENT_TARGET = 17.0;
				MTL_ENABLE_DEBUG_INFO = INCLUDE_SOURCE;
				MTL_FAST_MATH = YES;
				ONLY_ACTIVE_ARCH = YES;
				PRODUCT_NAME = "$(TARGET_NAME)";
				SDKROOT = iphoneos;
				SWIFT_ACTIVE_COMPILATION_CONDITIONS = DEBUG;
				SWIFT_OPTIMIZATION_LEVEL = "-Onone";
				SWIFT_STRICT_CONCURRENCY = minimal;
				SWIFT_VERSION = 5.10;
			};
			name = Debug;
		};
/* End XCBuildConfiguration section */

/* Begin XCConfigurationList section */
		61505D3562099EC65F502712 /* Build configuration list for PBXProject "MTTPokerTrainer" */ = {
			isa = XCConfigurationList;
			buildConfigurations = (
				994430564EFFE331A5C9A45B /* Debug */,
				43A535CE34FDF42CB5FF25DB /* Release */,
			);
			defaultConfigurationIsVisible = 0;
			defaultConfigurationName = Debug;
		};
		95434C5955D59E8969180583 /* Build configuration list for PBXNativeTarget "MTTPokerTrainer" */ = {
			isa = XCConfigurationList;
			buildConfigurations = (
				912601A540A7B37EAFB18BAB /* Debug */,
				3DF89D1DEE628197650F5F98 /* Release */,
			);
			defaultConfigurationIsVisible = 0;
			defaultConfigurationName = Debug;
		};
		E0CC5347FE73A4FBA07966EE /* Build configuration list for PBXNativeTarget "MTTPokerTrainerTests" */ = {
			isa = XCConfigurationList;
			buildConfigurations = (
				338B95850451F589DEA0F6EE /* Debug */,
				0D26D0E155C65A898A4913D0 /* Release */,
			);
			defaultConfigurationIsVisible = 0;
			defaultConfigurationName = Debug;
		};
/* End XCConfigurationList section */
	};
	rootObject = 93696495A846DFE804F6158D /* Project object */;
}
